{
  "name": "MelodyMind",
  "lockfileVersion": 3,
  "requires": true,
  "packages": {
    "": {
      "dependencies": {
        "@stellarogs/tonejs-instruments": "^1.0.0"
      }
    },
    "node_modules/@stellarogs/tonejs-instruments": {
      "version": "1.0.0",
      "resolved": "https://registry.npmjs.org/@stellarogs/tonejs-instruments/-/tonejs-instruments-1.0.0.tgz",
      "integrity": "sha512-7f0Ot6FuiBBoybvxHWn1asBGLm+w+OVsKamaZ0gKiTT1VZpSuO37kgdaUlf5unsAjhS6T9XE/dDLzyoBtFGMAA=="
    }
  }
}
